
Microsoft Visual Studio Solution File, Format Version 12.00
# Visual Studio Version 17
VisualStudioVersion = 17.10.34928.147
MinimumVisualStudioVersion = 10.0.40219.1
Project("{2150E333-8FDC-42A3-9474-1A3956D46DE8}") = "Common.Lib", "Common.Lib", "{267F4EAE-166D-404D-A35A-BC97701D4345}"
EndProject
Project("{9A19103F-16F7-4668-BE54-9A1E7A4F7556}") = "Common.Lib", "Common.Lib\Common.Lib.csproj", "{C57518A3-C88A-429B-9942-68461075F14F}"
EndProject
Project("{2150E333-8FDC-42A3-9474-1A3956D46DE8}") = "Services", "Services", "{90C2243B-9469-42DB-BBD4-3D74E0EA1980}"
EndProject
Project("{2150E333-8FDC-42A3-9474-1A3956D46DE8}") = "Product", "Product", "{BABBFC17-7D08-488C-9227-B3B254ABB423}"
EndProject
Project("{9A19103F-16F7-4668-BE54-9A1E7A4F7556}") = "ProductApi", "Services\ProductApi\ProductApi.csproj", "{D05FEEEE-6CCE-406F-BF82-50E3A85E8A12}"
EndProject
Project("{E53339B2-1760-4266-BCC7-CA923CBCF16C}") = "docker-compose", "docker-compose.dcproj", "{D0347219-9AAC-425D-BDF3-7C9806100EE8}"
EndProject
Project("{2150E333-8FDC-42A3-9474-1A3956D46DE8}") = "Pet", "Pet", "{CB5A77F1-16BC-402C-BCE3-2FC6870885EF}"
EndProject
Project("{9A19103F-16F7-4668-BE54-9A1E7A4F7556}") = "PetApi", "Services\PetApi\PetApi.csproj", "{984CB22D-9E61-4E7D-A7BD-8AE8543C4898}"
EndProject
Project("{2150E333-8FDC-42A3-9474-1A3956D46DE8}") = "Profile", "Profile", "{1E9AD64D-5BFE-42C5-AA45-B27E73F7642F}"
EndProject
Project("{9A19103F-16F7-4668-BE54-9A1E7A4F7556}") = "ProfileApi", "Services\ProfileApi\ProfileApi.csproj", "{E6753FFF-31CC-43C8-A303-BD26C02825B7}"
EndProject
Project("{2150E333-8FDC-42A3-9474-1A3956D46DE8}") = "Cart", "Cart", "{34C59E21-3AD0-406C-B06C-6D9923FA2E47}"
EndProject
Project("{9A19103F-16F7-4668-BE54-9A1E7A4F7556}") = "CartApi", "Services\CartApi\CartApi.csproj", "{6A01166F-ABA9-447B-A7F3-4424BFA3CDC5}"
EndProject
Global
	GlobalSection(SolutionConfigurationPlatforms) = preSolution
		Debug|Any CPU = Debug|Any CPU
		Release|Any CPU = Release|Any CPU
	EndGlobalSection
	GlobalSection(ProjectConfigurationPlatforms) = postSolution
		{C57518A3-C88A-429B-9942-68461075F14F}.Debug|Any CPU.ActiveCfg = Debug|Any CPU
		{C57518A3-C88A-429B-9942-68461075F14F}.Debug|Any CPU.Build.0 = Debug|Any CPU
		{C57518A3-C88A-429B-9942-68461075F14F}.Release|Any CPU.ActiveCfg = Release|Any CPU
		{C57518A3-C88A-429B-9942-68461075F14F}.Release|Any CPU.Build.0 = Release|Any CPU
		{D05FEEEE-6CCE-406F-BF82-50E3A85E8A12}.Debug|Any CPU.ActiveCfg = Debug|Any CPU
		{D05FEEEE-6CCE-406F-BF82-50E3A85E8A12}.Debug|Any CPU.Build.0 = Debug|Any CPU
		{D05FEEEE-6CCE-406F-BF82-50E3A85E8A12}.Release|Any CPU.ActiveCfg = Release|Any CPU
		{D05FEEEE-6CCE-406F-BF82-50E3A85E8A12}.Release|Any CPU.Build.0 = Release|Any CPU
		{D0347219-9AAC-425D-BDF3-7C9806100EE8}.Debug|Any CPU.ActiveCfg = Debug|Any CPU
		{D0347219-9AAC-425D-BDF3-7C9806100EE8}.Debug|Any CPU.Build.0 = Debug|Any CPU
		{D0347219-9AAC-425D-BDF3-7C9806100EE8}.Release|Any CPU.ActiveCfg = Release|Any CPU
		{D0347219-9AAC-425D-BDF3-7C9806100EE8}.Release|Any CPU.Build.0 = Release|Any CPU
		{984CB22D-9E61-4E7D-A7BD-8AE8543C4898}.Debug|Any CPU.ActiveCfg = Debug|Any CPU
		{984CB22D-9E61-4E7D-A7BD-8AE8543C4898}.Debug|Any CPU.Build.0 = Debug|Any CPU
		{984CB22D-9E61-4E7D-A7BD-8AE8543C4898}.Release|Any CPU.ActiveCfg = Release|Any CPU
		{984CB22D-9E61-4E7D-A7BD-8AE8543C4898}.Release|Any CPU.Build.0 = Release|Any CPU
		{E6753FFF-31CC-43C8-A303-BD26C02825B7}.Debug|Any CPU.ActiveCfg = Debug|Any CPU
		{E6753FFF-31CC-43C8-A303-BD26C02825B7}.Debug|Any CPU.Build.0 = Debug|Any CPU
		{E6753FFF-31CC-43C8-A303-BD26C02825B7}.Release|Any CPU.ActiveCfg = Release|Any CPU
		{E6753FFF-31CC-43C8-A303-BD26C02825B7}.Release|Any CPU.Build.0 = Release|Any CPU
		{6A01166F-ABA9-447B-A7F3-4424BFA3CDC5}.Debug|Any CPU.ActiveCfg = Debug|Any CPU
		{6A01166F-ABA9-447B-A7F3-4424BFA3CDC5}.Debug|Any CPU.Build.0 = Debug|Any CPU
		{6A01166F-ABA9-447B-A7F3-4424BFA3CDC5}.Release|Any CPU.ActiveCfg = Release|Any CPU
		{6A01166F-ABA9-447B-A7F3-4424BFA3CDC5}.Release|Any CPU.Build.0 = Release|Any CPU
	EndGlobalSection
	GlobalSection(SolutionProperties) = preSolution
		HideSolutionNode = FALSE
	EndGlobalSection
	GlobalSection(NestedProjects) = preSolution
		{C57518A3-C88A-429B-9942-68461075F14F} = {267F4EAE-166D-404D-A35A-BC97701D4345}
		{BABBFC17-7D08-488C-9227-B3B254ABB423} = {90C2243B-9469-42DB-BBD4-3D74E0EA1980}
		{D05FEEEE-6CCE-406F-BF82-50E3A85E8A12} = {BABBFC17-7D08-488C-9227-B3B254ABB423}
		{CB5A77F1-16BC-402C-BCE3-2FC6870885EF} = {90C2243B-9469-42DB-BBD4-3D74E0EA1980}
		{984CB22D-9E61-4E7D-A7BD-8AE8543C4898} = {CB5A77F1-16BC-402C-BCE3-2FC6870885EF}
		{1E9AD64D-5BFE-42C5-AA45-B27E73F7642F} = {90C2243B-9469-42DB-BBD4-3D74E0EA1980}
		{E6753FFF-31CC-43C8-A303-BD26C02825B7} = {1E9AD64D-5BFE-42C5-AA45-B27E73F7642F}
		{34C59E21-3AD0-406C-B06C-6D9923FA2E47} = {90C2243B-9469-42DB-BBD4-3D74E0EA1980}
		{6A01166F-ABA9-447B-A7F3-4424BFA3CDC5} = {34C59E21-3AD0-406C-B06C-6D9923FA2E47}
	EndGlobalSection
	GlobalSection(ExtensibilityGlobals) = postSolution
		SolutionGuid = {137A2A19-0847-491C-A114-6CAD83FF2DFA}
	EndGlobalSection
EndGlobal
